
Microsoft Visual Studio Solution File, Format Version 12.00
# Visual Studio Version 17
VisualStudioVersion = 17.5.33414.496
MinimumVisualStudioVersion = 10.0.40219.1
Project("{FAE04EC0-301F-11D3-BF4B-00C04F79EFBC}") = "ASP_Movie", "ASP_Movie\ASP_Movie.csproj", "{D1294A10-67BE-40D1-BC8E-E4DEBFA0B374}"
EndProject
Global
	GlobalSection(SolutionConfigurationPlatforms) = preSolution
		Debug|Any CPU = Debug|Any CPU
		Release|Any CPU = Release|Any CPU
	EndGlobalSection
	GlobalSection(ProjectConfigurationPlatforms) = postSolution
		{D1294A10-67BE-40D1-BC8E-E4DEBFA0B374}.Debug|Any CPU.ActiveCfg = Debug|Any CPU
		{D1294A10-67BE-40D1-BC8E-E4DEBFA0B374}.Debug|Any CPU.Build.0 = Debug|Any CPU
		{D1294A10-67BE-40D1-BC8E-E4DEBFA0B374}.Release|Any CPU.ActiveCfg = Release|Any CPU
		{D1294A10-67BE-40D1-BC8E-E4DEBFA0B374}.Release|Any CPU.Build.0 = Release|Any CPU
	EndGlobalSection
	GlobalSection(SolutionProperties) = preSolution
		HideSolutionNode = FALSE
	EndGlobalSection
	GlobalSection(ExtensibilityGlobals) = postSolution
		SolutionGuid = {86A1D183-5A60-468E-B184-7D52CF320259}
	EndGlobalSection
EndGlobal
